
Microsoft Visual Studio Solution File, Format Version 12.00
# Visual Studio Version 16
VisualStudioVersion = 16.0.32002.261
MinimumVisualStudioVersion = 10.0.40219.1
Project("{8BC9CEB8-8B4A-11D0-8D11-00A0C91BC942}") = "YTNeuralProject", "YTNeuralProject.vcxproj", "{68B0B6E2-5031-4719-B094-96B6686684BB}"
EndProject
Global
	GlobalSection(SolutionConfigurationPlatforms) = preSolution
		Debug|x64 = Debug|x64
		Debug|x86 = Debug|x86
		Release|x64 = Release|x64
		Release|x86 = Release|x86
	EndGlobalSection
	GlobalSection(ProjectConfigurationPlatforms) = postSolution
		{68B0B6E2-5031-4719-B094-96B6686684BB}.Debug|x64.ActiveCfg = Debug|x64
		{68B0B6E2-5031-4719-B094-96B6686684BB}.Debug|x64.Build.0 = Debug|x64
		{68B0B6E2-5031-4719-B094-96B6686684BB}.Debug|x86.ActiveCfg = Debug|Win32
		{68B0B6E2-5031-4719-B094-96B6686684BB}.Debug|x86.Build.0 = Debug|Win32
		{68B0B6E2-5031-4719-B094-96B6686684BB}.Release|x64.ActiveCfg = Release|x64
		{68B0B6E2-5031-4719-B094-96B6686684BB}.Release|x64.Build.0 = Release|x64
		{68B0B6E2-5031-4719-B094-96B6686684BB}.Release|x86.ActiveCfg = Release|Win32
		{68B0B6E2-5031-4719-B094-96B6686684BB}.Release|x86.Build.0 = Release|Win32
	EndGlobalSection
	GlobalSection(SolutionProperties) = preSolution
		HideSolutionNode = FALSE
	EndGlobalSection
	GlobalSection(ExtensibilityGlobals) = postSolution
		SolutionGuid = {0A8F81D8-CD63-45DF-83A7-5029E709AAFA}
	EndGlobalSection
EndGlobal
